
Microsoft Visual Studio Solution File, Format Version 12.00
# Visual Studio Version 17
VisualStudioVersion = 17.4.33205.214
MinimumVisualStudioVersion = 10.0.40219.1
Project("{FAE04EC0-301F-11D3-BF4B-00C04F79EFBC}") = "Belajar_Xamarin(Part1).Android", "Belajar_Xamarin(Part1)\Belajar_Xamarin(Part1).Android\Belajar_Xamarin(Part1).Android.csproj", "{47C9A9E9-A3A7-40C7-BC9C-F2449B0F6B0E}"
EndProject
Project("{FAE04EC0-301F-11D3-BF4B-00C04F79EFBC}") = "Belajar_Xamarin(Part1).iOS", "Belajar_Xamarin(Part1)\Belajar_Xamarin(Part1).iOS\Belajar_Xamarin(Part1).iOS.csproj", "{A41D57C4-3F4C-4C2E-841A-A1D92067EFD3}"
EndProject
Project("{FAE04EC0-301F-11D3-BF4B-00C04F79EFBC}") = "Belajar_Xamarin(Part1)", "Belajar_Xamarin(Part1)\Belajar_Xamarin(Part1)\Belajar_Xamarin(Part1).csproj", "{22B83796-8ABD-420C-832F-5EDFD6924F85}"
EndProject
Global
	GlobalSection(SolutionConfigurationPlatforms) = preSolution
		Debug|Any CPU = Debug|Any CPU
		Debug|iPhone = Debug|iPhone
		Debug|iPhoneSimulator = Debug|iPhoneSimulator
		Release|Any CPU = Release|Any CPU
		Release|iPhone = Release|iPhone
		Release|iPhoneSimulator = Release|iPhoneSimulator
	EndGlobalSection
	GlobalSection(ProjectConfigurationPlatforms) = postSolution
		{47C9A9E9-A3A7-40C7-BC9C-F2449B0F6B0E}.Debug|Any CPU.ActiveCfg = Debug|Any CPU
		{47C9A9E9-A3A7-40C7-BC9C-F2449B0F6B0E}.Debug|Any CPU.Build.0 = Debug|Any CPU
		{47C9A9E9-A3A7-40C7-BC9C-F2449B0F6B0E}.Debug|Any CPU.Deploy.0 = Debug|Any CPU
		{47C9A9E9-A3A7-40C7-BC9C-F2449B0F6B0E}.Debug|iPhone.ActiveCfg = Debug|Any CPU
		{47C9A9E9-A3A7-40C7-BC9C-F2449B0F6B0E}.Debug|iPhone.Build.0 = Debug|Any CPU
		{47C9A9E9-A3A7-40C7-BC9C-F2449B0F6B0E}.Debug|iPhone.Deploy.0 = Debug|Any CPU
		{47C9A9E9-A3A7-40C7-BC9C-F2449B0F6B0E}.Debug|iPhoneSimulator.ActiveCfg = Debug|Any CPU
		{47C9A9E9-A3A7-40C7-BC9C-F2449B0F6B0E}.Debug|iPhoneSimulator.Build.0 = Debug|Any CPU
		{47C9A9E9-A3A7-40C7-BC9C-F2449B0F6B0E}.Debug|iPhoneSimulator.Deploy.0 = Debug|Any CPU
		{47C9A9E9-A3A7-40C7-BC9C-F2449B0F6B0E}.Release|Any CPU.ActiveCfg = Release|Any CPU
		{47C9A9E9-A3A7-40C7-BC9C-F2449B0F6B0E}.Release|Any CPU.Build.0 = Release|Any CPU
		{47C9A9E9-A3A7-40C7-BC9C-F2449B0F6B0E}.Release|Any CPU.Deploy.0 = Release|Any CPU
		{47C9A9E9-A3A7-40C7-BC9C-F2449B0F6B0E}.Release|iPhone.ActiveCfg = Release|Any CPU
		{47C9A9E9-A3A7-40C7-BC9C-F2449B0F6B0E}.Release|iPhone.Build.0 = Release|Any CPU
		{47C9A9E9-A3A7-40C7-BC9C-F2449B0F6B0E}.Release|iPhone.Deploy.0 = Release|Any CPU
		{47C9A9E9-A3A7-40C7-BC9C-F2449B0F6B0E}.Release|iPhoneSimulator.ActiveCfg = Release|Any CPU
		{47C9A9E9-A3A7-40C7-BC9C-F2449B0F6B0E}.Release|iPhoneSimulator.Build.0 = Release|Any CPU
		{47C9A9E9-A3A7-40C7-BC9C-F2449B0F6B0E}.Release|iPhoneSimulator.Deploy.0 = Release|Any CPU
		{A41D57C4-3F4C-4C2E-841A-A1D92067EFD3}.Debug|Any CPU.ActiveCfg = Debug|iPhone
		{A41D57C4-3F4C-4C2E-841A-A1D92067EFD3}.Debug|Any CPU.Build.0 = Debug|iPhone
		{A41D57C4-3F4C-4C2E-841A-A1D92067EFD3}.Debug|Any CPU.Deploy.0 = Debug|iPhone
		{A41D57C4-3F4C-4C2E-841A-A1D92067EFD3}.Debug|iPhone.ActiveCfg = Debug|iPhone
		{A41D57C4-3F4C-4C2E-841A-A1D92067EFD3}.Debug|iPhone.Build.0 = Debug|iPhone
		{A41D57C4-3F4C-4C2E-841A-A1D92067EFD3}.Debug|iPhone.Deploy.0 = Debug|iPhone
		{A41D57C4-3F4C-4C2E-841A-A1D92067EFD3}.Debug|iPhoneSimulator.ActiveCfg = Debug|iPhoneSimulator
		{A41D57C4-3F4C-4C2E-841A-A1D92067EFD3}.Debug|iPhoneSimulator.Build.0 = Debug|iPhoneSimulator
		{A41D57C4-3F4C-4C2E-841A-A1D92067EFD3}.Debug|iPhoneSimulator.Deploy.0 = Debug|iPhoneSimulator
		{A41D57C4-3F4C-4C2E-841A-A1D92067EFD3}.Release|Any CPU.ActiveCfg = Release|iPhoneSimulator
		{A41D57C4-3F4C-4C2E-841A-A1D92067EFD3}.Release|Any CPU.Build.0 = Release|iPhoneSimulator
		{A41D57C4-3F4C-4C2E-841A-A1D92067EFD3}.Release|Any CPU.Deploy.0 = Release|iPhoneSimulator
		{A41D57C4-3F4C-4C2E-841A-A1D92067EFD3}.Release|iPhone.ActiveCfg = Release|iPhone
		{A41D57C4-3F4C-4C2E-841A-A1D92067EFD3}.Release|iPhone.Build.0 = Release|iPhone
		{A41D57C4-3F4C-4C2E-841A-A1D92067EFD3}.Release|iPhone.Deploy.0 = Release|iPhone
		{A41D57C4-3F4C-4C2E-841A-A1D92067EFD3}.Release|iPhoneSimulator.ActiveCfg = Release|iPhoneSimulator
		{A41D57C4-3F4C-4C2E-841A-A1D92067EFD3}.Release|iPhoneSimulator.Build.0 = Release|iPhoneSimulator
		{A41D57C4-3F4C-4C2E-841A-A1D92067EFD3}.Release|iPhoneSimulator.Deploy.0 = Release|iPhoneSimulator
		{22B83796-8ABD-420C-832F-5EDFD6924F85}.Debug|Any CPU.ActiveCfg = Debug|Any CPU
		{22B83796-8ABD-420C-832F-5EDFD6924F85}.Debug|Any CPU.Build.0 = Debug|Any CPU
		{22B83796-8ABD-420C-832F-5EDFD6924F85}.Debug|Any CPU.Deploy.0 = Debug|Any CPU
		{22B83796-8ABD-420C-832F-5EDFD6924F85}.Debug|iPhone.ActiveCfg = Debug|Any CPU
		{22B83796-8ABD-420C-832F-5EDFD6924F85}.Debug|iPhone.Build.0 = Debug|Any CPU
		{22B83796-8ABD-420C-832F-5EDFD6924F85}.Debug|iPhone.Deploy.0 = Debug|Any CPU
		{22B83796-8ABD-420C-832F-5EDFD6924F85}.Debug|iPhoneSimulator.ActiveCfg = Debug|Any CPU
		{22B83796-8ABD-420C-832F-5EDFD6924F85}.Debug|iPhoneSimulator.Build.0 = Debug|Any CPU
		{22B83796-8ABD-420C-832F-5EDFD6924F85}.Debug|iPhoneSimulator.Deploy.0 = Debug|Any CPU
		{22B83796-8ABD-420C-832F-5EDFD6924F85}.Release|Any CPU.ActiveCfg = Release|Any CPU
		{22B83796-8ABD-420C-832F-5EDFD6924F85}.Release|Any CPU.Build.0 = Release|Any CPU
		{22B83796-8ABD-420C-832F-5EDFD6924F85}.Release|Any CPU.Deploy.0 = Release|Any CPU
		{22B83796-8ABD-420C-832F-5EDFD6924F85}.Release|iPhone.ActiveCfg = Release|Any CPU
		{22B83796-8ABD-420C-832F-5EDFD6924F85}.Release|iPhone.Build.0 = Release|Any CPU
		{22B83796-8ABD-420C-832F-5EDFD6924F85}.Release|iPhone.Deploy.0 = Release|Any CPU
		{22B83796-8ABD-420C-832F-5EDFD6924F85}.Release|iPhoneSimulator.ActiveCfg = Release|Any CPU
		{22B83796-8ABD-420C-832F-5EDFD6924F85}.Release|iPhoneSimulator.Build.0 = Release|Any CPU
		{22B83796-8ABD-420C-832F-5EDFD6924F85}.Release|iPhoneSimulator.Deploy.0 = Release|Any CPU
	EndGlobalSection
	GlobalSection(SolutionProperties) = preSolution
		HideSolutionNode = FALSE
	EndGlobalSection
	GlobalSection(ExtensibilityGlobals) = postSolution
		SolutionGuid = {D74DC871-B71D-46A2-954D-7F18CE5A6E3E}
	EndGlobalSection
EndGlobal
